Microsoft Visual Studio Solution File, Format Version 12.00
# Visual Studio Version 16
VisualStudioVersion = 16.0.32602.291
MinimumVisualStudioVersion = 10.0.40219.1
Project("{9A19103F-16F7-4668-BE54-9A1E7A4F7556}") = "Template.Backend.Toolkit", "Template.Backend.Toolkit\Template.Backend.Toolkit.csproj", "{7983D759-046C-4C53-BEBC-C1EAB3F83906}"
EndProject
Global
	GlobalSection(SolutionConfigurationPlatforms) = preSolution
		Debug|Any CPU = Debug|Any CPU
		Release|Any CPU = Release|Any CPU
	EndGlobalSection
	GlobalSection(ProjectConfigurationPlatforms) = postSolution
		{7983D759-046C-4C53-BEBC-C1EAB3F83906}.Debug|Any CPU.ActiveCfg = Debug|Any CPU
		{7983D759-046C-4C53-BEBC-C1EAB3F83906}.Debug|Any CPU.Build.0 = Debug|Any CPU
		{7983D759-046C-4C53-BEBC-C1EAB3F83906}.Release|Any CPU.ActiveCfg = Release|Any CPU
		{7983D759-046C-4C53-BEBC-C1EAB3F83906}.Release|Any CPU.Build.0 = Release|Any CPU
	EndGlobalSection
	GlobalSection(SolutionProperties) = preSolution
		HideSolutionNode = FALSE
	EndGlobalSection
	GlobalSection(ExtensibilityGlobals) = postSolution
		SolutionGuid = {01A3A860-F348-4FD3-9E53-73EDBD634059}
	EndGlobalSection
EndGlobal
